{
  "nodes": {
    "ambxst": {
      "inputs": {
        "axctl": "axctl",
        "nixpkgs": [
          "nixpkgs"
        ]
      },
      "locked": {
        "lastModified": 1789886238,
        "narHash": "sha256-H0VgJYZykfYnMyrXhqwP0hGV5x9qkTPMk+BkB9Bpdxw=",
        "owner": "Axenide",
        "repo": "Ambxst",
        "rev": "7f0ac49b82497c6d273f7cd7e49d302904f440ed",
        "type": "github"
      },
      "original": {
        "owner": "Axenide",
        "repo": "Ambxst",
        "rev": "7f0ac49b82497c6d273f7cd7e49d302904f440ed",
        "type": "github"
      }
    },
    "axctl": {
      "inputs": {
        "nixpkgs": "nixpkgs"
      },
      "locked": {
        "lastModified": 1789886065,
        "narHash": "sha256-zbxZXzELXLs92vbNwSsizeaumci6pTjpqeHcQkaTkn4=",
        "owner": "Axenide",
        "repo": "axctl",
        "rev": "dedcaa6769a577b0a0ea767631f5f4ec317fff59",
        "type": "github"
      },
      "original": {
        "owner": "Axenide",
        "repo": "axctl",
        "rev": "dedcaa6769a577b0a0ea767631f5f4ec317fff59",
        "type": "github"
      }
    },
    "flake-parts": {
      "inputs": {
        "nixpkgs-lib": "nixpkgs-lib"
      },
      "locked": {
        "lastModified": 1785627969,
        "narHash": "sha256-4dtXQk/NMePegK/nWp5NSeuZKLATItOq61lpEvmXqGw=",
        "owner": "hercules-ci",
        "repo": "flake-parts",
        "rev": "427bf4bd9435fdf21321c8cc628c24efc14c0f7a",
        "type": "github"
      },
      "original": {
        "owner": "hercules-ci",
        "repo": "flake-parts",
        "type": "github"
      }
    },
    "nixpkgs": {
      "locked": {
        "lastModified": 1789785513,
        "narHash": "sha256-B44WL6h0XoLjJ41bUPJk0X5SDinLCII//6EcBLXKiJ0=",
        "owner": "NixOS",
        "repo": "nixpkgs",
        "rev": "20b1ddd1aa5ace70c9468305030aa4f9ef79671b",
        "type": "github"
      },
      "original": {
        "owner": "NixOS",
        "ref": "nixos-unstable",
        "repo": "nixpkgs",
        "type": "github"
      }
    },
    "nixpkgs-lib": {
      "locked": {
        "lastModified": 1785031560,
        "narHash": "sha256-OmshNvn2vupOFpYinLUu+1Dnpu4n7Q5N3ggGVNHpkUI=",
        "owner": "nix-community",
        "repo": "nixpkgs.lib",
        "rev": "0e79af5e3d4dcfcd676ab5ba3f95d2e3352e078c",
        "type": "github"
      },
      "original": {
        "owner": "nix-community",
        "repo": "nixpkgs.lib",
        "type": "github"
      }
    },
    "nixpkgs_2": {
      "locked": {
        "lastModified": 1789785513,
        "narHash": "sha256-B44WL6h0XoLjJ41bUPJk0X5SDinLCII//6EcBLXKiJ0=",
        "owner": "NixOS",
        "repo": "nixpkgs",
        "rev": "20b1ddd1aa5ace70c9468305030aa4f9ef79671b",
        "type": "github"
      },
      "original": {
        "owner": "NixOS",
        "repo": "nixpkgs",
        "rev": "20b1ddd1aa5ace70c9468305030aa4f9ef79671b",
        "type": "github"
      }
    },
    "noctalia": {
      "inputs": {
        "nixpkgs": [
          "shell-conf",
          "noctalia-conf",
          "nixpkgs"
        ]
      },
      "locked": {
        "lastModified": 1787624990,
        "narHash": "sha256-GYiCoMAaTD9TiprDbrNcuxeHNeiX5HVFyRf6iESl13A=",
        "owner": "noctalia-dev",
        "repo": "noctalia",
        "rev": "e6846db9ab4e6e4c107c4c5072cde9223d6a58c5",
        "type": "github"
      },
      "original": {
        "owner": "noctalia-dev",
        "repo": "noctalia",
        "type": "github"
      }
    },
    "noctalia-conf": {
      "inputs": {
        "nixpkgs": [
          "shell-conf",
          "nixpkgs"
        ],
        "noctalia": "noctalia"
      },
      "locked": {
        "lastModified": 1788350843,
        "narHash": "sha256-Wyd2MhWQ93wT0U2BcMhFroUU5vYnh9XZFqOXNTXSgeY=",
        "owner": "Joaoferraz-byte",
        "repo": "noctalia-conf",
        "rev": "6acc2fdb8c4bdc6694961a01c21e23c0d407d5a9",
        "type": "github"
      },
      "original": {
        "owner": "Joaoferraz-byte",
        "repo": "noctalia-conf",
        "type": "github"
      }
    },
    "root": {
      "inputs": {
        "ambxst": "ambxst",
        "nixpkgs": "nixpkgs_2",
        "shell-conf": "shell-conf"
      }
    },
    "shell-conf": {
      "inputs": {
        "flake-parts": "flake-parts",
        "nixpkgs": [
          "nixpkgs"
        ],
        "noctalia-conf": "noctalia-conf"
      },
      "locked": {
        "lastModified": 1789980022,
        "narHash": "sha256-MiEp1z4DHXSQoOHckZHB/W3B87iPPk8PgmM+7Yfl2sU=",
        "owner": "Joaoferraz-byte",
        "repo": "shell-conf",
        "rev": "155126e37bbf77bdcf76dbd300f9d7a2f6c41b17",
        "type": "github"
      },
      "original": {
        "owner": "Joaoferraz-byte",
        "repo": "shell-conf",
        "rev": "155126e37bbf77bdcf76dbd300f9d7a2f6c41b17",
        "type": "github"
      }
    }
  },
  "root": "root",
  "version": 7
}
