{
  "nodes": {
    "ambxst": {
      "inputs": {
        "axctl": "axctl",
        "nixpkgs": [
          "nixpkgs"
        ]
      },
      "locked": {
        "lastModified": 1789967635,
        "narHash": "sha256-Yu3wACxiXSSEISTrgpeWYu/JhuqSg+imgTr2l162K80=",
        "owner": "Axenide",
        "repo": "Ambxst",
        "rev": "c62a7acc443dbb1c9045e83466402528cc522af2",
        "type": "github"
      },
      "original": {
        "owner": "Axenide",
        "repo": "Ambxst",
        "rev": "c62a7acc443dbb1c9045e83466402528cc522af2",
        "type": "github"
      }
    },
    "axctl": {
      "inputs": {
        "nixpkgs": [
          "ambxst",
          "nixpkgs"
        ]
      },
      "locked": {
        "lastModified": 1789930318,
        "narHash": "sha256-pjWbz9E1BS6E1ha3jGgIXKPxzPcliv/69sRlgkbi4Rk=",
        "owner": "Axenide",
        "repo": "axctl",
        "rev": "04bb2c61cda436148b1e982f91f627dc428ad9f9",
        "type": "github"
      },
      "original": {
        "owner": "Axenide",
        "repo": "axctl",
        "type": "github"
      }
    },
    "nixpkgs": {
      "locked": {
        "lastModified": 1789921291,
        "narHash": "sha256-Ft/BRnIqw1MywFoXydKobjjWmDFgDdYtSpJliE8+yUw=",
        "owner": "NixOS",
        "repo": "nixpkgs",
        "rev": "44a91898084f46797b5fac650c7e8c9ac38c43d4",
        "type": "github"
      },
      "original": {
        "owner": "NixOS",
        "ref": "nixos-unstable",
        "repo": "nixpkgs",
        "type": "github"
      }
    },
    "root": {
      "inputs": {
        "ambxst": "ambxst",
        "nixpkgs": "nixpkgs"
      }
    }
  },
  "root": "root",
  "version": 7
}
